// !$*UTF8*$!
{
	archiveVersion = 1;
	classes = {
	};
	objectVersion = 71;
	objects = {

/* Begin PBXBuildFile section */
		DA0000000000000000000082 /* Adhan in Frameworks */ = {isa = PBXBuildFile; productRef = DA0000000000000000000081 /* Adhan */; };
		DA000000000000000000010C /* DuhaaWidgets.appex in Embed Foundation Extensions */ = {isa = PBXBuildFile; fileRef = DA0000000000000000000100 /* DuhaaWidgets.appex */; settings = {ATTRIBUTES = (RemoveHeadersOnCopy, ); }; };
		DA0000000000000000000120 /* PrayerWidgetShared.swift in Sources */ = {isa = PBXBuildFile; fileRef = DA0000000000000000000110 /* PrayerWidgetShared.swift */; };
		DA0000000000000000000121 /* PrayerTimesPayload.swift in Sources */ = {isa = PBXBuildFile; fileRef = DA0000000000000000000111 /* PrayerTimesPayload.swift */; };
		DA0000000000000000000122 /* PrayerWidgetSnapshot.swift in Sources */ = {isa = PBXBuildFile; fileRef = DA0000000000000000000112 /* PrayerWidgetSnapshot.swift */; };
		DA0000000000000000000123 /* SharedPrayerStore.swift in Sources */ = {isa = PBXBuildFile; fileRef = DA0000000000000000000113 /* SharedPrayerStore.swift */; };
		DA0000000000000000000124 /* PrayerCompletionIntents.swift in Sources */ = {isa = PBXBuildFile; fileRef = DA0000000000000000000114 /* PrayerCompletionIntents.swift */; };
		DA0000000000000000000125 /* PrayerTimelinePlanner.swift in Sources */ = {isa = PBXBuildFile; fileRef = DA0000000000000000000115 /* PrayerTimelinePlanner.swift */; };
		DA0000000000000000000126 /* Palette.swift in Sources */ = {isa = PBXBuildFile; fileRef = DA0000000000000000000116 /* Palette.swift */; };
		DA000000000000000000020E /* SalahLockShared.swift in Sources */ = {isa = PBXBuildFile; fileRef = DA000000000000000000020D /* SalahLockShared.swift */; };
/* End PBXBuildFile section */

/* Begin PBXContainerItemProxy section */
		DA0000000000000000000050 /* PBXContainerItemProxy */ = {
			isa = PBXContainerItemProxy;
			containerPortal = DA0000000000000000000001 /* Project object */;
			proxyType = 1;
			remoteGlobalIDString = DA0000000000000000000010;
			remoteInfo = Duhaa;
		};
		DA000000000000000000010B /* PBXContainerItemProxy */ = {
			isa = PBXContainerItemProxy;
			containerPortal = DA0000000000000000000001 /* Project object */;
			proxyType = 1;
			remoteGlobalIDString = DA0000000000000000000102;
			remoteInfo = DuhaaWidgets;
		};
/* End PBXContainerItemProxy section */

/* Begin PBXCopyFilesBuildPhase section */
		DA0000000000000000000109 /* Embed Foundation Extensions */ = {
			isa = PBXCopyFilesBuildPhase;
			buildActionMask = 2147483647;
			dstPath = "";
			dstSubfolderSpec = 13;
			files = (
				DA000000000000000000010C /* DuhaaWidgets.appex in Embed Foundation Extensions */,
			);
			name = "Embed Foundation Extensions";
			runOnlyForDeploymentPostprocessing = 0;
		};
/* End PBXCopyFilesBuildPhase section */

/* Begin PBXFileReference section */
		DA0000000000000000000020 /* Duhaa.app */ = {isa = PBXFileReference; explicitFileType = wrapper.application; includeInIndex = 0; path = Duhaa.app; sourceTree = BUILT_PRODUCTS_DIR; };
		DA0000000000000000000021 /* DuhaaTests.xctest */ = {isa = PBXFileReference; explicitFileType = wrapper.cfbundle; includeInIndex = 0; path = DuhaaTests.xctest; sourceTree = BUILT_PRODUCTS_DIR; };
		DA0000000000000000000100 /* DuhaaWidgets.appex */ = {isa = PBXFileReference; explicitFileType = "wrapper.app-extension"; includeInIndex = 0; path = DuhaaWidgets.appex; sourceTree = BUILT_PRODUCTS_DIR; };
		DA0000000000000000000110 /* PrayerWidgetShared.swift */ = {isa = PBXFileReference; lastKnownFileType = sourcecode.swift; name = PrayerWidgetShared.swift; path = Duhaa/Shared/PrayerWidgetShared.swift; sourceTree = SOURCE_ROOT; };
		DA0000000000000000000111 /* PrayerTimesPayload.swift */ = {isa = PBXFileReference; lastKnownFileType = sourcecode.swift; name = PrayerTimesPayload.swift; path = Duhaa/Shared/PrayerTimesPayload.swift; sourceTree = SOURCE_ROOT; };
		DA0000000000000000000112 /* PrayerWidgetSnapshot.swift */ = {isa = PBXFileReference; lastKnownFileType = sourcecode.swift; name = PrayerWidgetSnapshot.swift; path = Duhaa/Shared/PrayerWidgetSnapshot.swift; sourceTree = SOURCE_ROOT; };
		DA0000000000000000000113 /* SharedPrayerStore.swift */ = {isa = PBXFileReference; lastKnownFileType = sourcecode.swift; name = SharedPrayerStore.swift; path = Duhaa/Shared/SharedPrayerStore.swift; sourceTree = SOURCE_ROOT; };
		DA0000000000000000000114 /* PrayerCompletionIntents.swift */ = {isa = PBXFileReference; lastKnownFileType = sourcecode.swift; name = PrayerCompletionIntents.swift; path = Duhaa/Shared/PrayerCompletionIntents.swift; sourceTree = SOURCE_ROOT; };
		DA0000000000000000000115 /* PrayerTimelinePlanner.swift */ = {isa = PBXFileReference; lastKnownFileType = sourcecode.swift; name = PrayerTimelinePlanner.swift; path = Duhaa/Shared/PrayerTimelinePlanner.swift; sourceTree = SOURCE_ROOT; };
		DA0000000000000000000116 /* Palette.swift */ = {isa = PBXFileReference; lastKnownFileType = sourcecode.swift; name = Palette.swift; path = Duhaa/Theme/Palette.swift; sourceTree = SOURCE_ROOT; };
		DA0000000000000000000201 /* DuhaaSalahLockMonitor.appex */ = {isa = PBXFileReference; explicitFileType = "wrapper.app-extension"; includeInIndex = 0; path = DuhaaSalahLockMonitor.appex; sourceTree = BUILT_PRODUCTS_DIR; };
		DA000000000000000000020D /* SalahLockShared.swift */ = {isa = PBXFileReference; lastKnownFileType = sourcecode.swift; name = SalahLockShared.swift; path = Duhaa/Shared/SalahLockShared.swift; sourceTree = SOURCE_ROOT; };
/* End PBXFileReference section */

/* Begin PBXFileSystemSynchronizedBuildFileExceptionSet section */
		DA0000000000000000000140 /* PBXFileSystemSynchronizedBuildFileExceptionSet */ = {
			isa = PBXFileSystemSynchronizedBuildFileExceptionSet;
			membershipExceptions = (
				Info.plist,
			);
			target = DA0000000000000000000102 /* DuhaaWidgets */;
		};
		DA0000000000000000000141 /* PBXFileSystemSynchronizedBuildFileExceptionSet */ = {
			isa = PBXFileSystemSynchronizedBuildFileExceptionSet;
			membershipExceptions = (
				Info.plist,
			);
			target = DA0000000000000000000010 /* Duhaa */;
		};
		DA0000000000000000000209 /* PBXFileSystemSynchronizedBuildFileExceptionSet */ = {
			isa = PBXFileSystemSynchronizedBuildFileExceptionSet;
			membershipExceptions = (
				Info.plist,
			);
			target = DA0000000000000000000200 /* DuhaaSalahLockMonitor */;
		};
/* End PBXFileSystemSynchronizedBuildFileExceptionSet section */

/* Begin PBXFileSystemSynchronizedRootGroup section */
		DA0000000000000000000030 /* Duhaa */ = {isa = PBXFileSystemSynchronizedRootGroup; exceptions = (DA0000000000000000000141 /* PBXFileSystemSynchronizedBuildFileExceptionSet */, ); explicitFileTypes = {}; explicitFolders = (); path = Duhaa; sourceTree = "<group>"; };
		DA0000000000000000000031 /* DuhaaTests */ = {isa = PBXFileSystemSynchronizedRootGroup; explicitFileTypes = {}; explicitFolders = (); path = DuhaaTests; sourceTree = "<group>"; };
		DA0000000000000000000101 /* DuhaaWidgets */ = {isa = PBXFileSystemSynchronizedRootGroup; exceptions = (DA0000000000000000000140 /* PBXFileSystemSynchronizedBuildFileExceptionSet */, ); explicitFileTypes = {}; explicitFolders = (); path = DuhaaWidgets; sourceTree = "<group>"; };
		DA0000000000000000000208 /* DuhaaSalahLockMonitor */ = {isa = PBXFileSystemSynchronizedRootGroup; exceptions = (DA0000000000000000000209 /* PBXFileSystemSynchronizedBuildFileExceptionSet */, ); explicitFileTypes = {}; explicitFolders = (); path = DuhaaSalahLockMonitor; sourceTree = "<group>"; };
/* End PBXFileSystemSynchronizedRootGroup section */

/* Begin PBXFrameworksBuildPhase section */
		DA0000000000000000000041 /* Frameworks */ = {
			isa = PBXFrameworksBuildPhase;
			buildActionMask = 2147483647;
			files = (
				DA0000000000000000000082 /* Adhan in Frameworks */,
			);
			runOnlyForDeploymentPostprocessing = 0;
		};
		DA0000000000000000000044 /* Frameworks */ = {
			isa = PBXFrameworksBuildPhase;
			buildActionMask = 2147483647;
			files = (
			);
			runOnlyForDeploymentPostprocessing = 0;
		};
		DA0000000000000000000104 /* Frameworks */ = {
			isa = PBXFrameworksBuildPhase;
			buildActionMask = 2147483647;
			files = (
			);
			runOnlyForDeploymentPostprocessing = 0;
		};
		DA0000000000000000000203 /* Frameworks */ = {
			isa = PBXFrameworksBuildPhase;
			buildActionMask = 2147483647;
			files = (
			);
			runOnlyForDeploymentPostprocessing = 0;
		};
/* End PBXFrameworksBuildPhase section */

/* Begin PBXGroup section */
		DA0000000000000000000002 = {
			isa = PBXGroup;
			children = (
				DA0000000000000000000030 /* Duhaa */,
				DA0000000000000000000031 /* DuhaaTests */,
				DA0000000000000000000101 /* DuhaaWidgets */,
				DA0000000000000000000208 /* DuhaaSalahLockMonitor */,
				DA0000000000000000000130 /* Widget Shared (membership) */,
				DA0000000000000000000003 /* Products */,
			);
			sourceTree = "<group>";
		};
		DA0000000000000000000003 /* Products */ = {
			isa = PBXGroup;
			children = (
				DA0000000000000000000020 /* Duhaa.app */,
				DA0000000000000000000021 /* DuhaaTests.xctest */,
				DA0000000000000000000100 /* DuhaaWidgets.appex */,
				DA0000000000000000000201 /* DuhaaSalahLockMonitor.appex */,
			);
			name = Products;
			sourceTree = "<group>";
		};
		DA0000000000000000000130 /* Widget Shared (membership) */ = {
			isa = PBXGroup;
			children = (
				DA0000000000000000000110 /* PrayerWidgetShared.swift */,
				DA0000000000000000000111 /* PrayerTimesPayload.swift */,
				DA0000000000000000000112 /* PrayerWidgetSnapshot.swift */,
				DA0000000000000000000113 /* SharedPrayerStore.swift */,
				DA0000000000000000000114 /* PrayerCompletionIntents.swift */,
				DA0000000000000000000115 /* PrayerTimelinePlanner.swift */,
				DA0000000000000000000116 /* Palette.swift */,
				DA000000000000000000020D /* SalahLockShared.swift */,
			);
			name = "Widget Shared (membership)";
			sourceTree = "<group>";
		};
/* End PBXGroup section */

/* Begin PBXNativeTarget section */
		DA0000000000000000000010 /* Duhaa */ = {
			isa = PBXNativeTarget;
			buildConfigurationList = DA0000000000000000000061 /* Build configuration list for PBXNativeTarget "Duhaa" */;
			buildPhases = (
				DA0000000000000000000040 /* Sources */,
				DA0000000000000000000041 /* Frameworks */,
				DA0000000000000000000042 /* Resources */,
				DA0000000000000000000109 /* Embed Foundation Extensions */,
			);
			buildRules = (
			);
			dependencies = (
				DA000000000000000000010A /* PBXTargetDependency */,
			);
			fileSystemSynchronizedGroups = (
				DA0000000000000000000030 /* Duhaa */,
			);
			name = Duhaa;
			packageProductDependencies = (
				DA0000000000000000000081 /* Adhan */,
			);
			productName = Duhaa;
			productReference = DA0000000000000000000020 /* Duhaa.app */;
			productType = "com.apple.product-type.application";
		};
		DA0000000000000000000011 /* DuhaaTests */ = {
			isa = PBXNativeTarget;
			buildConfigurationList = DA0000000000000000000062 /* Build configuration list for PBXNativeTarget "DuhaaTests" */;
			buildPhases = (
				DA0000000000000000000043 /* Sources */,
				DA0000000000000000000044 /* Frameworks */,
				DA0000000000000000000045 /* Resources */,
			);
			buildRules = (
			);
			dependencies = (
				DA0000000000000000000051 /* PBXTargetDependency */,
			);
			fileSystemSynchronizedGroups = (
				DA0000000000000000000031 /* DuhaaTests */,
			);
			name = DuhaaTests;
			packageProductDependencies = (
			);
			productName = DuhaaTests;
			productReference = DA0000000000000000000021 /* DuhaaTests.xctest */;
			productType = "com.apple.product-type.bundle.unit-test";
		};
		DA0000000000000000000102 /* DuhaaWidgets */ = {
			isa = PBXNativeTarget;
			buildConfigurationList = DA0000000000000000000106 /* Build configuration list for PBXNativeTarget "DuhaaWidgets" */;
			buildPhases = (
				DA0000000000000000000103 /* Sources */,
				DA0000000000000000000104 /* Frameworks */,
				DA0000000000000000000105 /* Resources */,
			);
			buildRules = (
			);
			dependencies = (
			);
			fileSystemSynchronizedGroups = (
				DA0000000000000000000101 /* DuhaaWidgets */,
			);
			name = DuhaaWidgets;
			packageProductDependencies = (
			);
			productName = DuhaaWidgets;
			productReference = DA0000000000000000000100 /* DuhaaWidgets.appex */;
			productType = "com.apple.product-type.app-extension";
		};
		DA0000000000000000000200 /* DuhaaSalahLockMonitor */ = {
			isa = PBXNativeTarget;
			buildConfigurationList = DA0000000000000000000205 /* Build configuration list for PBXNativeTarget "DuhaaSalahLockMonitor" */;
			buildPhases = (
				DA0000000000000000000202 /* Sources */,
				DA0000000000000000000203 /* Frameworks */,
				DA0000000000000000000204 /* Resources */,
			);
			buildRules = (
			);
			dependencies = (
			);
			fileSystemSynchronizedGroups = (
				DA0000000000000000000208 /* DuhaaSalahLockMonitor */,
			);
			name = DuhaaSalahLockMonitor;
			packageProductDependencies = (
			);
			productName = DuhaaSalahLockMonitor;
			productReference = DA0000000000000000000201 /* DuhaaSalahLockMonitor.appex */;
			productType = "com.apple.product-type.app-extension";
		};
/* End PBXNativeTarget section */

/* Begin PBXProject section */
		DA0000000000000000000001 /* Project object */ = {
			isa = PBXProject;
			attributes = {
				BuildIndependentTargetsInParallel = 1;
				LastSwiftUpdateCheck = 2650;
				LastUpgradeCheck = 2700;
				TargetAttributes = {
					DA0000000000000000000010 = {
						CreatedOnToolsVersion = 26.5;
					};
					DA0000000000000000000011 = {
						CreatedOnToolsVersion = 26.5;
						TestTargetID = DA0000000000000000000010;
					};
				};
			};
			buildConfigurationList = DA0000000000000000000060 /* Build configuration list for PBXProject "Duhaa" */;
			compatibilityVersion = "Xcode 16.0";
			developmentRegion = en;
			hasScannedForEncodings = 0;
			knownRegions = (
				en,
				Base,
			);
			mainGroup = DA0000000000000000000002;
			minimizedProjectReferenceProxies = 1;
			packageReferences = (
				DA0000000000000000000080 /* XCRemoteSwiftPackageReference "adhan-swift" */,
			);
			productRefGroup = DA0000000000000000000003 /* Products */;
			projectDirPath = "";
			projectRoot = "";
			targets = (
				DA0000000000000000000010 /* Duhaa */,
				DA0000000000000000000011 /* DuhaaTests */,
				DA0000000000000000000102 /* DuhaaWidgets */,
				DA0000000000000000000200 /* DuhaaSalahLockMonitor */,
			);
		};
/* End PBXProject section */

/* Begin PBXResourcesBuildPhase section */
		DA0000000000000000000042 /* Resources */ = {
			isa = PBXResourcesBuildPhase;
			buildActionMask = 2147483647;
			files = (
			);
			runOnlyForDeploymentPostprocessing = 0;
		};
		DA0000000000000000000045 /* Resources */ = {
			isa = PBXResourcesBuildPhase;
			buildActionMask = 2147483647;
			files = (
			);
			runOnlyForDeploymentPostprocessing = 0;
		};
		DA0000000000000000000105 /* Resources */ = {
			isa = PBXResourcesBuildPhase;
			buildActionMask = 2147483647;
			files = (
			);
			runOnlyForDeploymentPostprocessing = 0;
		};
		DA0000000000000000000204 /* Resources */ = {
			isa = PBXResourcesBuildPhase;
			buildActionMask = 2147483647;
			files = (
			);
			runOnlyForDeploymentPostprocessing = 0;
		};
/* End PBXResourcesBuildPhase section */

/* Begin PBXSourcesBuildPhase section */
		DA0000000000000000000040 /* Sources */ = {
			isa = PBXSourcesBuildPhase;
			buildActionMask = 2147483647;
			files = (
			);
			runOnlyForDeploymentPostprocessing = 0;
		};
		DA0000000000000000000043 /* Sources */ = {
			isa = PBXSourcesBuildPhase;
			buildActionMask = 2147483647;
			files = (
			);
			runOnlyForDeploymentPostprocessing = 0;
		};
		DA0000000000000000000103 /* Sources */ = {
			isa = PBXSourcesBuildPhase;
			buildActionMask = 2147483647;
			files = (
				DA0000000000000000000120 /* PrayerWidgetShared.swift in Sources */,
				DA0000000000000000000121 /* PrayerTimesPayload.swift in Sources */,
				DA0000000000000000000122 /* PrayerWidgetSnapshot.swift in Sources */,
				DA0000000000000000000123 /* SharedPrayerStore.swift in Sources */,
				DA0000000000000000000124 /* PrayerCompletionIntents.swift in Sources */,
				DA0000000000000000000125 /* PrayerTimelinePlanner.swift in Sources */,
				DA0000000000000000000126 /* Palette.swift in Sources */,
			);
			runOnlyForDeploymentPostprocessing = 0;
		};
		DA0000000000000000000202 /* Sources */ = {
			isa = PBXSourcesBuildPhase;
			buildActionMask = 2147483647;
			files = (
				DA000000000000000000020E /* SalahLockShared.swift in Sources */,
			);
			runOnlyForDeploymentPostprocessing = 0;
		};
/* End PBXSourcesBuildPhase section */

/* Begin PBXTargetDependency section */
		DA0000000000000000000051 /* PBXTargetDependency */ = {
			isa = PBXTargetDependency;
			target = DA0000000000000000000010 /* Duhaa */;
			targetProxy = DA0000000000000000000050 /* PBXContainerItemProxy */;
		};
		DA000000000000000000010A /* PBXTargetDependency */ = {
			isa = PBXTargetDependency;
			target = DA0000000000000000000102 /* DuhaaWidgets */;
			targetProxy = DA000000000000000000010B /* PBXContainerItemProxy */;
		};
/* End PBXTargetDependency section */

/* Begin XCBuildConfiguration section */
		DA0000000000000000000070 /* Debug */ = {
			isa = XCBuildConfiguration;
			buildSettings = {
				ALWAYS_SEARCH_USER_PATHS = NO;
				ASSETCATALOG_COMPILER_GENERATE_ASSET_SYMBOLS = YES;
				ASSETCATALOG_COMPILER_GENERATE_SWIFT_ASSET_SYMBOL_EXTENSIONS = YES;
				CLANG_ANALYZER_NONNULL = YES;
				CLANG_ANALYZER_NUMBER_OBJECT_CONVERSION = YES_AGGRESSIVE;
				CLANG_CXX_LANGUAGE_STANDARD = "gnu++20";
				CLANG_ENABLE_MODULES = YES;
				CLANG_ENABLE_OBJC_ARC = YES;
				CLANG_ENABLE_OBJC_WEAK = YES;
				CLANG_WARN_BLOCK_CAPTURE_AUTORELEASING = YES;
				CLANG_WARN_BOOL_CONVERSION = YES;
				CLANG_WARN_COMMA = YES;
				CLANG_WARN_CONSTANT_CONVERSION = YES;
				CLANG_WARN_DEPRECATED_OBJC_IMPLEMENTATIONS = YES;
				CLANG_WARN_DIRECT_OBJC_ISA_USAGE = YES_ERROR;
				CLANG_WARN_DOCUMENTATION_COMMENTS = YES;
				CLANG_WARN_EMPTY_BODY = YES;
				CLANG_WARN_ENUM_CONVERSION = YES;
				CLANG_WARN_INFINITE_RECURSION = YES;
				CLANG_WARN_INT_CONVERSION = YES;
				CLANG_WARN_NON_LITERAL_NULL_CONVERSION = YES;
				CLANG_WARN_OBJC_IMPLICIT_RETAIN_SELF = YES;
				CLANG_WARN_OBJC_LITERAL_CONVERSION = YES;
				CLANG_WARN_OBJC_ROOT_CLASS = YES_ERROR;
				CLANG_WARN_QUOTED_INCLUDE_IN_FRAMEWORK_HEADER = YES;
				CLANG_WARN_RANGE_LOOP_ANALYSIS = YES;
				CLANG_WARN_STRICT_PROTOTYPES = YES;
				CLANG_WARN_SUSPICIOUS_MOVE = YES;
				CLANG_WARN_UNGUARDED_AVAILABILITY = YES_AGGRESSIVE;
				CLANG_WARN_UNREACHABLE_CODE = YES;
				CLANG_WARN__DUPLICATE_METHOD_MATCH = YES;
				COPY_PHASE_STRIP = NO;
				DEBUG_INFORMATION_FORMAT = dwarf;
				ENABLE_STRICT_OBJC_MSGSEND = YES;
				ENABLE_TESTABILITY = YES;
				ENABLE_USER_SCRIPT_SANDBOXING = YES;
				GCC_C_LANGUAGE_STANDARD = gnu17;
				GCC_DYNAMIC_NO_PIC = NO;
				GCC_NO_COMMON_BLOCKS = YES;
				GCC_OPTIMIZATION_LEVEL = 0;
				GCC_PREPROCESSOR_DEFINITIONS = (
					"DEBUG=1",
					"$(inherited)",
				);
				GCC_WARN_64_TO_32_BIT_CONVERSION = YES;
				GCC_WARN_ABOUT_RETURN_TYPE = YES_ERROR;
				GCC_WARN_UNDECLARED_SELECTOR = YES;
				GCC_WARN_UNINITIALIZED_AUTOS = YES_AGGRESSIVE;
				GCC_WARN_UNUSED_FUNCTION = YES;
				GCC_WARN_UNUSED_VARIABLE = YES;
				IPHONEOS_DEPLOYMENT_TARGET = 17.0;
				LOCALIZATION_PREFERS_STRING_CATALOGS = YES;
				MTL_ENABLE_DEBUG_INFO = INCLUDE_SOURCE;
				MTL_FAST_MATH = YES;
				ONLY_ACTIVE_ARCH = YES;
				SDKROOT = iphoneos;
				STRING_CATALOG_GENERATE_SYMBOLS = YES;
				SWIFT_ACTIVE_COMPILATION_CONDITIONS = "DEBUG $(inherited)";
				SWIFT_OPTIMIZATION_LEVEL = "-Onone";
				SWIFT_VERSION = 5.0;
			};
			name = Debug;
		};
		DA0000000000000000000071 /* Release */ = {
			isa = XCBuildConfiguration;
			buildSettings = {
				ALWAYS_SEARCH_USER_PATHS = NO;
				ASSETCATALOG_COMPILER_GENERATE_ASSET_SYMBOLS = YES;
				ASSETCATALOG_COMPILER_GENERATE_SWIFT_ASSET_SYMBOL_EXTENSIONS = YES;
				CLANG_ANALYZER_NONNULL = YES;
				CLANG_ANALYZER_NUMBER_OBJECT_CONVERSION = YES_AGGRESSIVE;
				CLANG_CXX_LANGUAGE_STANDARD = "gnu++20";
				CLANG_ENABLE_MODULES = YES;
				CLANG_ENABLE_OBJC_ARC = YES;
				CLANG_ENABLE_OBJC_WEAK = YES;
				CLANG_WARN_BLOCK_CAPTURE_AUTORELEASING = YES;
				CLANG_WARN_BOOL_CONVERSION = YES;
				CLANG_WARN_COMMA = YES;
				CLANG_WARN_CONSTANT_CONVERSION = YES;
				CLANG_WARN_DEPRECATED_OBJC_IMPLEMENTATIONS = YES;
				CLANG_WARN_DIRECT_OBJC_ISA_USAGE = YES_ERROR;
				CLANG_WARN_DOCUMENTATION_COMMENTS = YES;
				CLANG_WARN_EMPTY_BODY = YES;
				CLANG_WARN_ENUM_CONVERSION = YES;
				CLANG_WARN_INFINITE_RECURSION = YES;
				CLANG_WARN_INT_CONVERSION = YES;
				CLANG_WARN_NON_LITERAL_NULL_CONVERSION = YES;
				CLANG_WARN_OBJC_IMPLICIT_RETAIN_SELF = YES;
				CLANG_WARN_OBJC_LITERAL_CONVERSION = YES;
				CLANG_WARN_OBJC_ROOT_CLASS = YES_ERROR;
				CLANG_WARN_QUOTED_INCLUDE_IN_FRAMEWORK_HEADER = YES;
				CLANG_WARN_RANGE_LOOP_ANALYSIS = YES;
				CLANG_WARN_STRICT_PROTOTYPES = YES;
				CLANG_WARN_SUSPICIOUS_MOVE = YES;
				CLANG_WARN_UNGUARDED_AVAILABILITY = YES_AGGRESSIVE;
				CLANG_WARN_UNREACHABLE_CODE = YES;
				CLANG_WARN__DUPLICATE_METHOD_MATCH = YES;
				COPY_PHASE_STRIP = NO;
				DEBUG_INFORMATION_FORMAT = "dwarf-with-dsym";
				ENABLE_NS_ASSERTIONS = NO;
				ENABLE_STRICT_OBJC_MSGSEND = YES;
				ENABLE_USER_SCRIPT_SANDBOXING = YES;
				GCC_C_LANGUAGE_STANDARD = gnu17;
				GCC_NO_COMMON_BLOCKS = YES;
				GCC_WARN_64_TO_32_BIT_CONVERSION = YES;
				GCC_WARN_ABOUT_RETURN_TYPE = YES_ERROR;
				GCC_WARN_UNDECLARED_SELECTOR = YES;
				GCC_WARN_UNINITIALIZED_AUTOS = YES_AGGRESSIVE;
				GCC_WARN_UNUSED_FUNCTION = YES;
				GCC_WARN_UNUSED_VARIABLE = YES;
				IPHONEOS_DEPLOYMENT_TARGET = 17.0;
				LOCALIZATION_PREFERS_STRING_CATALOGS = YES;
				MTL_ENABLE_DEBUG_INFO = NO;
				MTL_FAST_MATH = YES;
				SDKROOT = iphoneos;
				STRING_CATALOG_GENERATE_SYMBOLS = YES;
				SWIFT_COMPILATION_MODE = wholemodule;
				SWIFT_VERSION = 5.0;
				VALIDATE_PRODUCT = YES;
			};
			name = Release;
		};
		DA0000000000000000000072 /* Debug */ = {
			isa = XCBuildConfiguration;
			buildSettings = {
				ASSETCATALOG_COMPILER_APPICON_NAME = AppIcon;
				ASSETCATALOG_COMPILER_GLOBAL_ACCENT_COLOR_NAME = AccentColor;
				CODE_SIGN_ENTITLEMENTS = Duhaa/Duhaa.entitlements;
				CODE_SIGN_STYLE = Automatic;
				CURRENT_PROJECT_VERSION = 4;
				DEVELOPMENT_TEAM = 3HYBHNTCV7;
				ENABLE_PREVIEWS = YES;
				GENERATE_INFOPLIST_FILE = NO;
				INFOPLIST_FILE = Duhaa/Info.plist;
				INFOPLIST_KEY_CFBundleDisplayName = "Duhaa ضحى";
				INFOPLIST_KEY_ITSAppUsesNonExemptEncryption = NO;
				INFOPLIST_KEY_NSLocationWhenInUseUsageDescription = "Duhaa uses your location to calculate accurate prayer times and find nearby mosques. Your location is not sold or used for ads.";
				INFOPLIST_KEY_UIApplicationSceneManifest_Generation = YES;
				INFOPLIST_KEY_UIApplicationSupportsIndirectInputEvents = YES;
				INFOPLIST_KEY_UILaunchScreen_Generation = YES;
				INFOPLIST_KEY_UISupportedInterfaceOrientations_iPad = "UIInterfaceOrientationPortrait UIInterfaceOrientationPortraitUpsideDown UIInterfaceOrientationLandscapeLeft UIInterfaceOrientationLandscapeRight";
				INFOPLIST_KEY_UISupportedInterfaceOrientations_iPhone = UIInterfaceOrientationPortrait;
				IPHONEOS_DEPLOYMENT_TARGET = 17.0;
				LD_RUNPATH_SEARCH_PATHS = (
					"$(inherited)",
					"@executable_path/Frameworks",
				);
				MARKETING_VERSION = 1.0;
				PRODUCT_BUNDLE_IDENTIFIER = com.duhaa.app;
				PRODUCT_NAME = "$(TARGET_NAME)";
				SWIFT_EMIT_LOC_STRINGS = YES;
				SWIFT_VERSION = 5.0;
				TARGETED_DEVICE_FAMILY = "1,2";
			};
			name = Debug;
		};
		DA0000000000000000000073 /* Release */ = {
			isa = XCBuildConfiguration;
			buildSettings = {
				ASSETCATALOG_COMPILER_APPICON_NAME = AppIcon;
				ASSETCATALOG_COMPILER_GLOBAL_ACCENT_COLOR_NAME = AccentColor;
				CODE_SIGN_ENTITLEMENTS = Duhaa/Duhaa.entitlements;
				CODE_SIGN_STYLE = Automatic;
				CURRENT_PROJECT_VERSION = 4;
				DEVELOPMENT_TEAM = 3HYBHNTCV7;
				ENABLE_PREVIEWS = YES;
				GENERATE_INFOPLIST_FILE = NO;
				INFOPLIST_FILE = Duhaa/Info.plist;
				INFOPLIST_KEY_CFBundleDisplayName = "Duhaa ضحى";
				INFOPLIST_KEY_ITSAppUsesNonExemptEncryption = NO;
				INFOPLIST_KEY_NSLocationWhenInUseUsageDescription = "Duhaa uses your location to calculate accurate prayer times and find nearby mosques. Your location is not sold or used for ads.";
				INFOPLIST_KEY_UIApplicationSceneManifest_Generation = YES;
				INFOPLIST_KEY_UIApplicationSupportsIndirectInputEvents = YES;
				INFOPLIST_KEY_UILaunchScreen_Generation = YES;
				INFOPLIST_KEY_UISupportedInterfaceOrientations_iPad = "UIInterfaceOrientationPortrait UIInterfaceOrientationPortraitUpsideDown UIInterfaceOrientationLandscapeLeft UIInterfaceOrientationLandscapeRight";
				INFOPLIST_KEY_UISupportedInterfaceOrientations_iPhone = UIInterfaceOrientationPortrait;
				IPHONEOS_DEPLOYMENT_TARGET = 17.0;
				LD_RUNPATH_SEARCH_PATHS = (
					"$(inherited)",
					"@executable_path/Frameworks",
				);
				MARKETING_VERSION = 1.0;
				PRODUCT_BUNDLE_IDENTIFIER = com.duhaa.app;
				PRODUCT_NAME = "$(TARGET_NAME)";
				SWIFT_EMIT_LOC_STRINGS = YES;
				SWIFT_VERSION = 5.0;
				TARGETED_DEVICE_FAMILY = "1,2";
			};
			name = Release;
		};
		DA0000000000000000000074 /* Debug */ = {
			isa = XCBuildConfiguration;
			buildSettings = {
				BUNDLE_LOADER = "$(TEST_HOST)";
				CODE_SIGN_STYLE = Automatic;
				CURRENT_PROJECT_VERSION = 4;
				DEVELOPMENT_TEAM = 4C2H9C2ZKY;
				GENERATE_INFOPLIST_FILE = YES;
				IPHONEOS_DEPLOYMENT_TARGET = 17.0;
				MARKETING_VERSION = 1.0;
				PRODUCT_BUNDLE_IDENTIFIER = com.duhaa.app.tests;
				PRODUCT_NAME = "$(TARGET_NAME)";
				SWIFT_EMIT_LOC_STRINGS = NO;
				SWIFT_VERSION = 5.0;
				TARGETED_DEVICE_FAMILY = "1,2";
				TEST_HOST = "$(BUILT_PRODUCTS_DIR)/Duhaa.app/$(BUNDLE_EXECUTABLE_FOLDER_PATH)/Duhaa";
			};
			name = Debug;
		};
		DA0000000000000000000075 /* Release */ = {
			isa = XCBuildConfiguration;
			buildSettings = {
				BUNDLE_LOADER = "$(TEST_HOST)";
				CODE_SIGN_STYLE = Automatic;
				CURRENT_PROJECT_VERSION = 4;
				DEVELOPMENT_TEAM = 4C2H9C2ZKY;
				GENERATE_INFOPLIST_FILE = YES;
				IPHONEOS_DEPLOYMENT_TARGET = 17.0;
				MARKETING_VERSION = 1.0;
				PRODUCT_BUNDLE_IDENTIFIER = com.duhaa.app.tests;
				PRODUCT_NAME = "$(TARGET_NAME)";
				SWIFT_EMIT_LOC_STRINGS = NO;
				SWIFT_VERSION = 5.0;
				TARGETED_DEVICE_FAMILY = "1,2";
				TEST_HOST = "$(BUILT_PRODUCTS_DIR)/Duhaa.app/$(BUNDLE_EXECUTABLE_FOLDER_PATH)/Duhaa";
			};
			name = Release;
		};
		DA0000000000000000000107 /* Debug */ = {
			isa = XCBuildConfiguration;
			buildSettings = {
				CODE_SIGN_ENTITLEMENTS = DuhaaWidgets/DuhaaWidgets.entitlements;
				CODE_SIGN_STYLE = Automatic;
				CURRENT_PROJECT_VERSION = 4;
				DEVELOPMENT_TEAM = 3HYBHNTCV7;
				ENABLE_PREVIEWS = YES;
				GENERATE_INFOPLIST_FILE = YES;
				INFOPLIST_FILE = DuhaaWidgets/Info.plist;
				INFOPLIST_KEY_CFBundleDisplayName = Duhaa;
				INFOPLIST_KEY_NSHumanReadableCopyright = "";
				IPHONEOS_DEPLOYMENT_TARGET = 17.0;
				LD_RUNPATH_SEARCH_PATHS = (
					"$(inherited)",
					"@executable_path/Frameworks",
					"@executable_path/../../Frameworks",
				);
				MARKETING_VERSION = 1.0;
				PRODUCT_BUNDLE_IDENTIFIER = com.duhaa.app.DuhaaWidgets;
				PRODUCT_NAME = "$(TARGET_NAME)";
				SKIP_INSTALL = YES;
				SWIFT_EMIT_LOC_STRINGS = YES;
				SWIFT_VERSION = 5.0;
				TARGETED_DEVICE_FAMILY = "1,2";
			};
			name = Debug;
		};
		DA0000000000000000000108 /* Release */ = {
			isa = XCBuildConfiguration;
			buildSettings = {
				CODE_SIGN_ENTITLEMENTS = DuhaaWidgets/DuhaaWidgets.entitlements;
				CODE_SIGN_STYLE = Automatic;
				CURRENT_PROJECT_VERSION = 4;
				DEVELOPMENT_TEAM = 3HYBHNTCV7;
				ENABLE_PREVIEWS = YES;
				GENERATE_INFOPLIST_FILE = YES;
				INFOPLIST_FILE = DuhaaWidgets/Info.plist;
				INFOPLIST_KEY_CFBundleDisplayName = Duhaa;
				INFOPLIST_KEY_NSHumanReadableCopyright = "";
				IPHONEOS_DEPLOYMENT_TARGET = 17.0;
				LD_RUNPATH_SEARCH_PATHS = (
					"$(inherited)",
					"@executable_path/Frameworks",
					"@executable_path/../../Frameworks",
				);
				MARKETING_VERSION = 1.0;
				PRODUCT_BUNDLE_IDENTIFIER = com.duhaa.app.DuhaaWidgets;
				PRODUCT_NAME = "$(TARGET_NAME)";
				SKIP_INSTALL = YES;
				SWIFT_EMIT_LOC_STRINGS = YES;
				SWIFT_VERSION = 5.0;
				TARGETED_DEVICE_FAMILY = "1,2";
			};
			name = Release;
		};
		DA0000000000000000000206 /* Debug */ = {
			isa = XCBuildConfiguration;
			buildSettings = {
				CODE_SIGN_ENTITLEMENTS = DuhaaSalahLockMonitor/DuhaaSalahLockMonitor.entitlements;
				CODE_SIGN_STYLE = Automatic;
				CURRENT_PROJECT_VERSION = 4;
				DEVELOPMENT_TEAM = 3HYBHNTCV7;
				GENERATE_INFOPLIST_FILE = YES;
				INFOPLIST_FILE = DuhaaSalahLockMonitor/Info.plist;
				INFOPLIST_KEY_CFBundleDisplayName = "Salah Lock";
				INFOPLIST_KEY_NSHumanReadableCopyright = "";
				IPHONEOS_DEPLOYMENT_TARGET = 17.0;
				LD_RUNPATH_SEARCH_PATHS = (
					"$(inherited)",
					"@executable_path/Frameworks",
					"@executable_path/../../Frameworks",
				);
				MARKETING_VERSION = 1.0;
				PRODUCT_BUNDLE_IDENTIFIER = com.duhaa.app.SalahLockMonitor;
				PRODUCT_NAME = "$(TARGET_NAME)";
				SKIP_INSTALL = YES;
				SWIFT_EMIT_LOC_STRINGS = YES;
				SWIFT_VERSION = 5.0;
				TARGETED_DEVICE_FAMILY = "1,2";
			};
			name = Debug;
		};
		DA0000000000000000000207 /* Release */ = {
			isa = XCBuildConfiguration;
			buildSettings = {
				CODE_SIGN_ENTITLEMENTS = DuhaaSalahLockMonitor/DuhaaSalahLockMonitor.entitlements;
				CODE_SIGN_STYLE = Automatic;
				CURRENT_PROJECT_VERSION = 4;
				DEVELOPMENT_TEAM = 3HYBHNTCV7;
				GENERATE_INFOPLIST_FILE = YES;
				INFOPLIST_FILE = DuhaaSalahLockMonitor/Info.plist;
				INFOPLIST_KEY_CFBundleDisplayName = "Salah Lock";
				INFOPLIST_KEY_NSHumanReadableCopyright = "";
				IPHONEOS_DEPLOYMENT_TARGET = 17.0;
				LD_RUNPATH_SEARCH_PATHS = (
					"$(inherited)",
					"@executable_path/Frameworks",
					"@executable_path/../../Frameworks",
				);
				MARKETING_VERSION = 1.0;
				PRODUCT_BUNDLE_IDENTIFIER = com.duhaa.app.SalahLockMonitor;
				PRODUCT_NAME = "$(TARGET_NAME)";
				SKIP_INSTALL = YES;
				SWIFT_EMIT_LOC_STRINGS = YES;
				SWIFT_VERSION = 5.0;
				TARGETED_DEVICE_FAMILY = "1,2";
			};
			name = Release;
		};
/* End XCBuildConfiguration section */

/* Begin XCConfigurationList section */
		DA0000000000000000000060 /* Build configuration list for PBXProject "Duhaa" */ = {
			isa = XCConfigurationList;
			buildConfigurations = (
				DA0000000000000000000070 /* Debug */,
				DA0000000000000000000071 /* Release */,
			);
			defaultConfigurationIsVisible = 0;
			defaultConfigurationName = Release;
		};
		DA0000000000000000000061 /* Build configuration list for PBXNativeTarget "Duhaa" */ = {
			isa = XCConfigurationList;
			buildConfigurations = (
				DA0000000000000000000072 /* Debug */,
				DA0000000000000000000073 /* Release */,
			);
			defaultConfigurationIsVisible = 0;
			defaultConfigurationName = Release;
		};
		DA0000000000000000000062 /* Build configuration list for PBXNativeTarget "DuhaaTests" */ = {
			isa = XCConfigurationList;
			buildConfigurations = (
				DA0000000000000000000074 /* Debug */,
				DA0000000000000000000075 /* Release */,
			);
			defaultConfigurationIsVisible = 0;
			defaultConfigurationName = Release;
		};
		DA0000000000000000000106 /* Build configuration list for PBXNativeTarget "DuhaaWidgets" */ = {
			isa = XCConfigurationList;
			buildConfigurations = (
				DA0000000000000000000107 /* Debug */,
				DA0000000000000000000108 /* Release */,
			);
			defaultConfigurationIsVisible = 0;
			defaultConfigurationName = Release;
		};
		DA0000000000000000000205 /* Build configuration list for PBXNativeTarget "DuhaaSalahLockMonitor" */ = {
			isa = XCConfigurationList;
			buildConfigurations = (
				DA0000000000000000000206 /* Debug */,
				DA0000000000000000000207 /* Release */,
			);
			defaultConfigurationIsVisible = 0;
			defaultConfigurationName = Release;
		};
/* End XCConfigurationList section */

/* Begin XCRemoteSwiftPackageReference section */
		DA0000000000000000000080 /* XCRemoteSwiftPackageReference "adhan-swift" */ = {
			isa = XCRemoteSwiftPackageReference;
			repositoryURL = "https://github.com/batoulapps/adhan-swift";
			requirement = {
				kind = upToNextMajorVersion;
				minimumVersion = 1.4.0;
			};
		};
/* End XCRemoteSwiftPackageReference section */

/* Begin XCSwiftPackageProductDependency section */
		DA0000000000000000000081 /* Adhan */ = {
			isa = XCSwiftPackageProductDependency;
			package = DA0000000000000000000080 /* XCRemoteSwiftPackageReference "adhan-swift" */;
			productName = Adhan;
		};
/* End XCSwiftPackageProductDependency section */
	};
	rootObject = DA0000000000000000000001 /* Project object */;
}
